// !$*UTF8*$!
{
	archiveVersion = 1;
	classes = {
	};
	objectVersion = 50;
	objects = {

/* Begin PBXBuildFile section */
		A1A0D82121BC339D0098168C /* AppDelegate.swift in Sources */ = {isa = PBXBuildFile; fileRef = A1A0D82021BC339D0098168C /* AppDelegate.swift */; };
		A1A0D82321BC339D0098168C /* ViewController.swift in Sources */ = {isa = PBXBuildFile; fileRef = A1A0D82221BC339D0098168C /* ViewController.swift */; };
		A1A0D82621BC339D0098168C /* Main.storyboard in Resources */ = {isa = PBXBuildFile; fileRef = A1A0D82421BC339D0098168C /* Main.storyboard */; };
		A1A0D82821BC339F0098168C /* Assets.xcassets in Resources */ = {isa = PBXBuildFile; fileRef = A1A0D82721BC339F0098168C /* Assets.xcassets */; };
		A1A0D82B21BC339F0098168C /* LaunchScreen.storyboard in Resources */ = {isa = PBXBuildFile; fileRef = A1A0D82921BC339F0098168C /* LaunchScreen.storyboard */; };
		A1A0D83321BC458A0098168C /* Tests.swift in Sources */ = {isa = PBXBuildFile; fileRef = A1A0D83221BC458A0098168C /* Tests.swift */; };
		BC8EB9DFF2C7D4880784C53D /* libPods-rxswift-practice.a in Frameworks */ = {isa = PBXBuildFile; fileRef = 695F31A9FEB1A4EC83823826 /* libPods-rxswift-practice.a */; };
/* End PBXBuildFile section */

/* Begin PBXFileReference section */
		330EFAF02E8243E4057268E0 /* Pods-rxswift-practice.release.xcconfig */ = {isa = PBXFileReference; includeInIndex = 1; lastKnownFileType = text.xcconfig; name = "Pods-rxswift-practice.release.xcconfig"; path = "Pods/Target Support Files/Pods-rxswift-practice/Pods-rxswift-practice.release.xcconfig"; sourceTree = "<group>"; };
		695F31A9FEB1A4EC83823826 /* libPods-rxswift-practice.a */ = {isa = PBXFileReference; explicitFileType = archive.ar; includeInIndex = 0; path = "libPods-rxswift-practice.a"; sourceTree = BUILT_PRODUCTS_DIR; };
		A1A0D81D21BC339D0098168C /* rxswift-practice.app */ = {isa = PBXFileReference; explicitFileType = wrapper.application; includeInIndex = 0; path = "rxswift-practice.app"; sourceTree = BUILT_PRODUCTS_DIR; };
		A1A0D82021BC339D0098168C /* AppDelegate.swift */ = {isa = PBXFileReference; lastKnownFileType = sourcecode.swift; path = AppDelegate.swift; sourceTree = "<group>"; };
		A1A0D82221BC339D0098168C /* ViewController.swift */ = {isa = PBXFileReference; lastKnownFileType = sourcecode.swift; path = ViewController.swift; sourceTree = "<group>"; };
		A1A0D82521BC339D0098168C /* Base */ = {isa = PBXFileReference; lastKnownFileType = file.storyboard; name = Base; path = Base.lproj/Main.storyboard; sourceTree = "<group>"; };
		A1A0D82721BC339F0098168C /* Assets.xcassets */ = {isa = PBXFileReference; lastKnownFileType = folder.assetcatalog; path = Assets.xcassets; sourceTree = "<group>"; };
		A1A0D82A21BC339F0098168C /* Base */ = {isa = PBXFileReference; lastKnownFileType = file.storyboard; name = Base; path = Base.lproj/LaunchScreen.storyboard; sourceTree = "<group>"; };
		A1A0D82C21BC339F0098168C /* Info.plist */ = {isa = PBXFileReference; lastKnownFileType = text.plist.xml; path = Info.plist; sourceTree = "<group>"; };
		A1A0D83221BC458A0098168C /* Tests.swift */ = {isa = PBXFileReference; lastKnownFileType = sourcecode.swift; path = Tests.swift; sourceTree = "<group>"; };
		F23CA7B90338AA2C95DAF63F /* Pods-rxswift-practice.debug.xcconfig */ = {isa = PBXFileReference; includeInIndex = 1; lastKnownFileType = text.xcconfig; name = "Pods-rxswift-practice.debug.xcconfig"; path = "Pods/Target Support Files/Pods-rxswift-practice/Pods-rxswift-practice.debug.xcconfig"; sourceTree = "<group>"; };
/* End PBXFileReference section */

/* Begin PBXFrameworksBuildPhase section */
		A1A0D81A21BC339D0098168C /* Frameworks */ = {
			isa = PBXFrameworksBuildPhase;
			buildActionMask = 2147483647;
			files = (
				BC8EB9DFF2C7D4880784C53D /* libPods-rxswift-practice.a in Frameworks */,
			);
			runOnlyForDeploymentPostprocessing = 0;
		};
/* End PBXFrameworksBuildPhase section */

/* Begin PBXGroup section */
		15E8716E0CE7C652E02CA4C8 /* Frameworks */ = {
			isa = PBXGroup;
			children = (
				695F31A9FEB1A4EC83823826 /* libPods-rxswift-practice.a */,
			);
			name = Frameworks;
			sourceTree = "<group>";
		};
		A1A0D81421BC339D0098168C = {
			isa = PBXGroup;
			children = (
				A1A0D81F21BC339D0098168C /* rxswift-practice */,
				A1A0D81E21BC339D0098168C /* Products */,
				C4BFC6D8D3166454586CBF81 /* Pods */,
				15E8716E0CE7C652E02CA4C8 /* Frameworks */,
			);
			sourceTree = "<group>";
		};
		A1A0D81E21BC339D0098168C /* Products */ = {
			isa = PBXGroup;
			children = (
				A1A0D81D21BC339D0098168C /* rxswift-practice.app */,
			);
			name = Products;
			sourceTree = "<group>";
		};
		A1A0D81F21BC339D0098168C /* rxswift-practice */ = {
			isa = PBXGroup;
			children = (
				A1A0D82021BC339D0098168C /* AppDelegate.swift */,
				A1A0D82221BC339D0098168C /* ViewController.swift */,
				A1A0D82421BC339D0098168C /* Main.storyboard */,
				A1A0D82721BC339F0098168C /* Assets.xcassets */,
				A1A0D82921BC339F0098168C /* LaunchScreen.storyboard */,
				A1A0D82C21BC339F0098168C /* Info.plist */,
				A1A0D83221BC458A0098168C /* Tests.swift */,
			);
			path = "rxswift-practice";
			sourceTree = "<group>";
		};
		C4BFC6D8D3166454586CBF81 /* Pods */ = {
			isa = PBXGroup;
			children = (
				F23CA7B90338AA2C95DAF63F /* Pods-rxswift-practice.debug.xcconfig */,
				330EFAF02E8243E4057268E0 /* Pods-rxswift-practice.release.xcconfig */,
			);
			name = Pods;
			sourceTree = "<group>";
		};
/* End PBXGroup section */

/* Begin PBXNativeTarget section */
		A1A0D81C21BC339D0098168C /* rxswift-practice */ = {
			isa = PBXNativeTarget;
			buildConfigurationList = A1A0D82F21BC339F0098168C /* Build configuration list for PBXNativeTarget "rxswift-practice" */;
			buildPhases = (
				A1A16361E7D6BB3483EF07A1 /* [CP] Check Pods Manifest.lock */,
				A1A0D81921BC339D0098168C /* Sources */,
				A1A0D81A21BC339D0098168C /* Frameworks */,
				A1A0D81B21BC339D0098168C /* Resources */,
			);
			buildRules = (
			);
			dependencies = (
			);
			name = "rxswift-practice";
			productName = "rxswift-practice";
			productReference = A1A0D81D21BC339D0098168C /* rxswift-practice.app */;
			productType = "com.apple.product-type.application";
		};
/* End PBXNativeTarget section */

/* Begin PBXProject section */
		A1A0D81521BC339D0098168C /* Project object */ = {
			isa = PBXProject;
			attributes = {
				LastSwiftUpdateCheck = 1000;
				LastUpgradeCheck = 1000;
				ORGANIZATIONNAME = "Noah Gilmore";
				TargetAttributes = {
					A1A0D81C21BC339D0098168C = {
						CreatedOnToolsVersion = 10.0;
					};
				};
			};
			buildConfigurationList = A1A0D81821BC339D0098168C /* Build configuration list for PBXProject "rxswift-practice" */;
			compatibilityVersion = "Xcode 9.3";
			developmentRegion = en;
			hasScannedForEncodings = 0;
			knownRegions = (
				en,
				Base,
			);
			mainGroup = A1A0D81421BC339D0098168C;
			productRefGroup = A1A0D81E21BC339D0098168C /* Products */;
			projectDirPath = "";
			projectRoot = "";
			targets = (
				A1A0D81C21BC339D0098168C /* rxswift-practice */,
			);
		};
/* End PBXProject section */

/* Begin PBXResourcesBuildPhase section */
		A1A0D81B21BC339D0098168C /* Resources */ = {
			isa = PBXResourcesBuildPhase;
			buildActionMask = 2147483647;
			files = (
				A1A0D82B21BC339F0098168C /* LaunchScreen.storyboard in Resources */,
				A1A0D82821BC339F0098168C /* Assets.xcassets in Resources */,
				A1A0D82621BC339D0098168C /* Main.storyboard in Resources */,
			);
			runOnlyForDeploymentPostprocessing = 0;
		};
/* End PBXResourcesBuildPhase section */

/* Begin PBXShellScriptBuildPhase section */
		A1A16361E7D6BB3483EF07A1 /* [CP] Check Pods Manifest.lock */ = {
			isa = PBXShellScriptBuildPhase;
			buildActionMask = 2147483647;
			files = (
			);
			inputFileListPaths = (
			);
			inputPaths = (
				"${PODS_PODFILE_DIR_PATH}/Podfile.lock",
				"${PODS_ROOT}/Manifest.lock",
			);
			name = "[CP] Check Pods Manifest.lock";
			outputFileListPaths = (
			);
			outputPaths = (
				"$(DERIVED_FILE_DIR)/Pods-rxswift-practice-checkManifestLockResult.txt",
			);
			runOnlyForDeploymentPostprocessing = 0;
			shellPath = /bin/sh;
			shellScript = "diff \"${PODS_PODFILE_DIR_PATH}/Podfile.lock\" \"${PODS_ROOT}/Manifest.lock\" > /dev/null\nif [ $? != 0 ] ; then\n    # print error to STDERR\n    echo \"error: The sandbox is not in sync with the Podfile.lock. Run 'pod install' or update your CocoaPods installation.\" >&2\n    exit 1\nfi\n# This output is used by Xcode 'outputs' to avoid re-running this script phase.\necho \"SUCCESS\" > \"${SCRIPT_OUTPUT_FILE_0}\"\n";
			showEnvVarsInLog = 0;
		};
/* End PBXShellScriptBuildPhase section */

/* Begin PBXSourcesBuildPhase section */
		A1A0D81921BC339D0098168C /* Sources */ = {
			isa = PBXSourcesBuildPhase;
			buildActionMask = 2147483647;
			files = (
				A1A0D82321BC339D0098168C /* ViewController.swift in Sources */,
				A1A0D83321BC458A0098168C /* Tests.swift in Sources */,
				A1A0D82121BC339D0098168C /* AppDelegate.swift in Sources */,
			);
			runOnlyForDeploymentPostprocessing = 0;
		};
/* End PBXSourcesBuildPhase section */

/* Begin PBXVariantGroup section */
		A1A0D82421BC339D0098168C /* Main.storyboard */ = {
			isa = PBXVariantGroup;
			children = (
				A1A0D82521BC339D0098168C /* Base */,
			);
			name = Main.storyboard;
			sourceTree = "<group>";
		};
		A1A0D82921BC339F0098168C /* LaunchScreen.storyboard */ = {
			isa = PBXVariantGroup;
			children = (
				A1A0D82A21BC339F0098168C /* Base */,
			);
			name = LaunchScreen.storyboard;
			sourceTree = "<group>";
		};
/* End PBXVariantGroup section */

/* Begin XCBuildConfiguration section */
		A1A0D82D21BC339F0098168C /* Debug */ = {
			isa = XCBuildConfiguration;
			buildSettings = {
				ALWAYS_SEARCH_USER_PATHS = NO;
				CLANG_ANALYZER_NONNULL = YES;
				CLANG_ANALYZER_NUMBER_OBJECT_CONVERSION = YES_AGGRESSIVE;
				CLANG_CXX_LANGUAGE_STANDARD = "gnu++14";
				CLANG_CXX_LIBRARY = "libc++";
				CLANG_ENABLE_MODULES = YES;
				CLANG_ENABLE_OBJC_ARC = YES;
				CLANG_ENABLE_OBJC_WEAK = YES;
				CLANG_WARN_BLOCK_CAPTURE_AUTORELEASING = YES;
				CLANG_WARN_BOOL_CONVERSION = YES;
				CLANG_WARN_COMMA = YES;
				CLANG_WARN_CONSTANT_CONVERSION = YES;
				CLANG_WARN_DEPRECATED_OBJC_IMPLEMENTATIONS = YES;
				CLANG_WARN_DIRECT_OBJC_ISA_USAGE = YES_ERROR;
				CLANG_WARN_DOCUMENTATION_COMMENTS = YES;
				CLANG_WARN_EMPTY_BODY = YES;
				CLANG_WARN_ENUM_CONVERSION = YES;
				CLANG_WARN_INFINITE_RECURSION = YES;
				CLANG_WARN_INT_CONVERSION = YES;
				CLANG_WARN_NON_LITERAL_NULL_CONVERSION = YES;
				CLANG_WARN_OBJC_IMPLICIT_RETAIN_SELF = YES;
				CLANG_WARN_OBJC_LITERAL_CONVERSION = YES;
				CLANG_WARN_OBJC_ROOT_CLASS = YES_ERROR;
				CLANG_WARN_RANGE_LOOP_ANALYSIS = YES;
				CLANG_WARN_STRICT_PROTOTYPES = YES;
				CLANG_WARN_SUSPICIOUS_MOVE = YES;
				CLANG_WARN_UNGUARDED_AVAILABILITY = YES_AGGRESSIVE;
				CLANG_WARN_UNREACHABLE_CODE = YES;
				CLANG_WARN__DUPLICATE_METHOD_MATCH = YES;
				CODE_SIGN_IDENTITY = "iPhone Developer";
				COPY_PHASE_STRIP = NO;
				DEBUG_INFORMATION_FORMAT = dwarf;
				ENABLE_STRICT_OBJC_MSGSEND = YES;
				ENABLE_TESTABILITY = YES;
				GCC_C_LANGUAGE_STANDARD = gnu11;
				GCC_DYNAMIC_NO_PIC = NO;
				GCC_NO_COMMON_BLOCKS = YES;
				GCC_OPTIMIZATION_LEVEL = 0;
				GCC_PREPROCESSOR_DEFINITIONS = (
					"DEBUG=1",
					"$(inherited)",
				);
				GCC_WARN_64_TO_32_BIT_CONVERSION = YES;
				GCC_WARN_ABOUT_RETURN_TYPE = YES_ERROR;
				GCC_WARN_UNDECLARED_SELECTOR = YES;
				GCC_WARN_UNINITIALIZED_AUTOS = YES_AGGRESSIVE;
				GCC_WARN_UNUSED_FUNCTION = YES;
				GCC_WARN_UNUSED_VARIABLE = YES;
				IPHONEOS_DEPLOYMENT_TARGET = 12.0;
				MTL_ENABLE_DEBUG_INFO = INCLUDE_SOURCE;
				MTL_FAST_MATH = YES;
				ONLY_ACTIVE_ARCH = YES;
				SDKROOT = iphoneos;
				SWIFT_ACTIVE_COMPILATION_CONDITIONS = DEBUG;
				SWIFT_OPTIMIZATION_LEVEL = "-Onone";
			};
			name = Debug;
		};
		A1A0D82E21BC339F0098168C /* Release */ = {
			isa = XCBuildConfiguration;
			buildSettings = {
				ALWAYS_SEARCH_USER_PATHS = NO;
				CLANG_ANALYZER_NONNULL = YES;
				CLANG_ANALYZER_NUMBER_OBJECT_CONVERSION = YES_AGGRESSIVE;
				CLANG_CXX_LANGUAGE_STANDARD = "gnu++14";
				CLANG_CXX_LIBRARY = "libc++";
				CLANG_ENABLE_MODULES = YES;
				CLANG_ENABLE_OBJC_ARC = YES;
				CLANG_ENABLE_OBJC_WEAK = YES;
				CLANG_WARN_BLOCK_CAPTURE_AUTORELEASING = YES;
				CLANG_WARN_BOOL_CONVERSION = YES;
				CLANG_WARN_COMMA = YES;
				CLANG_WARN_CONSTANT_CONVERSION = YES;
				CLANG_WARN_DEPRECATED_OBJC_IMPLEMENTATIONS = YES;
				CLANG_WARN_DIRECT_OBJC_ISA_USAGE = YES_ERROR;
				CLANG_WARN_DOCUMENTATION_COMMENTS = YES;
				CLANG_WARN_EMPTY_BODY = YES;
				CLANG_WARN_ENUM_CONVERSION = YES;
				CLANG_WARN_INFINITE_RECURSION = YES;
				CLANG_WARN_INT_CONVERSION = YES;
				CLANG_WARN_NON_LITERAL_NULL_CONVERSION = YES;
				CLANG_WARN_OBJC_IMPLICIT_RETAIN_SELF = YES;
				CLANG_WARN_OBJC_LITERAL_CONVERSION = YES;
				CLANG_WARN_OBJC_ROOT_CLASS = YES_ERROR;
				CLANG_WARN_RANGE_LOOP_ANALYSIS = YES;
				CLANG_WARN_STRICT_PROTOTYPES = YES;
				CLANG_WARN_SUSPICIOUS_MOVE = YES;
				CLANG_WARN_UNGUARDED_AVAILABILITY = YES_AGGRESSIVE;
				CLANG_WARN_UNREACHABLE_CODE = YES;
				CLANG_WARN__DUPLICATE_METHOD_MATCH = YES;
				CODE_SIGN_IDENTITY = "iPhone Developer";
				COPY_PHASE_STRIP = NO;
				DEBUG_INFORMATION_FORMAT = "dwarf-with-dsym";
				ENABLE_NS_ASSERTIONS = NO;
				ENABLE_STRICT_OBJC_MSGSEND = YES;
				GCC_C_LANGUAGE_STANDARD = gnu11;
				GCC_NO_COMMON_BLOCKS = YES;
				GCC_WARN_64_TO_32_BIT_CONVERSION = YES;
				GCC_WARN_ABOUT_RETURN_TYPE = YES_ERROR;
				GCC_WARN_UNDECLARED_SELECTOR = YES;
				GCC_WARN_UNINITIALIZED_AUTOS = YES_AGGRESSIVE;
				GCC_WARN_UNUSED_FUNCTION = YES;
				GCC_WARN_UNUSED_VARIABLE = YES;
				IPHONEOS_DEPLOYMENT_TARGET = 12.0;
				MTL_ENABLE_DEBUG_INFO = NO;
				MTL_FAST_MATH = YES;
				SDKROOT = iphoneos;
				SWIFT_COMPILATION_MODE = wholemodule;
				SWIFT_OPTIMIZATION_LEVEL = "-O";
				VALIDATE_PRODUCT = YES;
			};
			name = Release;
		};
		A1A0D83021BC339F0098168C /* Debug */ = {
			isa = XCBuildConfiguration;
			baseConfigurationReference = F23CA7B90338AA2C95DAF63F /* Pods-rxswift-practice.debug.xcconfig */;
			buildSettings = {
				ASSETCATALOG_COMPILER_APPICON_NAME = AppIcon;
				CODE_SIGN_STYLE = Automatic;
				DEVELOPMENT_TEAM = 29P3YRFLV5;
				INFOPLIST_FILE = "rxswift-practice/Info.plist";
				LD_RUNPATH_SEARCH_PATHS = (
					"$(inherited)",
					"@executable_path/Frameworks",
				);
				PRODUCT_BUNDLE_IDENTIFIER = "com.noahgilmore.rxswift-practice";
				PRODUCT_NAME = "$(TARGET_NAME)";
				SWIFT_VERSION = 4.2;
				TARGETED_DEVICE_FAMILY = "1,2";
			};
			name = Debug;
		};
		A1A0D83121BC339F0098168C /* Release */ = {
			isa = XCBuildConfiguration;
			baseConfigurationReference = 330EFAF02E8243E4057268E0 /* Pods-rxswift-practice.release.xcconfig */;
			buildSettings = {
				ASSETCATALOG_COMPILER_APPICON_NAME = AppIcon;
				CODE_SIGN_STYLE = Automatic;
				DEVELOPMENT_TEAM = 29P3YRFLV5;
				INFOPLIST_FILE = "rxswift-practice/Info.plist";
				LD_RUNPATH_SEARCH_PATHS = (
					"$(inherited)",
					"@executable_path/Frameworks",
				);
				PRODUCT_BUNDLE_IDENTIFIER = "com.noahgilmore.rxswift-practice";
				PRODUCT_NAME = "$(TARGET_NAME)";
				SWIFT_VERSION = 4.2;
				TARGETED_DEVICE_FAMILY = "1,2";
			};
			name = Release;
		};
/* End XCBuildConfiguration section */

/* Begin XCConfigurationList section */
		A1A0D81821BC339D0098168C /* Build configuration list for PBXProject "rxswift-practice" */ = {
			isa = XCConfigurationList;
			buildConfigurations = (
				A1A0D82D21BC339F0098168C /* Debug */,
				A1A0D82E21BC339F0098168C /* Release */,
			);
			defaultConfigurationIsVisible = 0;
			defaultConfigurationName = Release;
		};
		A1A0D82F21BC339F0098168C /* Build configuration list for PBXNativeTarget "rxswift-practice" */ = {
			isa = XCConfigurationList;
			buildConfigurations = (
				A1A0D83021BC339F0098168C /* Debug */,
				A1A0D83121BC339F0098168C /* Release */,
			);
			defaultConfigurationIsVisible = 0;
			defaultConfigurationName = Release;
		};
/* End XCConfigurationList section */
	};
	rootObject = A1A0D81521BC339D0098168C /* Project object */;
}
